
Microsoft Visual Studio Solution File, Format Version 12.00
# Visual Studio 15
VisualStudioVersion = 15.0.28010.2036
MinimumVisualStudioVersion = 10.0.40219.1
Project("{FAE04EC0-301F-11D3-BF4B-00C04F79EFBC}") = "Array_Uebung_C-sharp", "Array_Uebung_C-sharp\Array_Uebung_C-sharp.csproj", "{C73F4B33-8A8E-4B66-AA86-F4BA5E3C6F32}"
EndProject
Global
	GlobalSection(SolutionConfigurationPlatforms) = preSolution
		Debug|Any CPU = Debug|Any CPU
		Release|Any CPU = Release|Any CPU
	EndGlobalSection
	GlobalSection(ProjectConfigurationPlatforms) = postSolution
		{C73F4B33-8A8E-4B66-AA86-F4BA5E3C6F32}.Debug|Any CPU.ActiveCfg = Debug|Any CPU
		{C73F4B33-8A8E-4B66-AA86-F4BA5E3C6F32}.Debug|Any CPU.Build.0 = Debug|Any CPU
		{C73F4B33-8A8E-4B66-AA86-F4BA5E3C6F32}.Release|Any CPU.ActiveCfg = Release|Any CPU
		{C73F4B33-8A8E-4B66-AA86-F4BA5E3C6F32}.Release|Any CPU.Build.0 = Release|Any CPU
	EndGlobalSection
	GlobalSection(SolutionProperties) = preSolution
		HideSolutionNode = FALSE
	EndGlobalSection
	GlobalSection(ExtensibilityGlobals) = postSolution
		SolutionGuid = {8E95AE2D-7D3C-4D79-ADE8-FECB79886CA7}
	EndGlobalSection
EndGlobal
